
Microsoft Visual Studio Solution File, Format Version 12.00
# Visual Studio Version 17
VisualStudioVersion = 17.10.34928.147
MinimumVisualStudioVersion = 10.0.40219.1
Project("{FAE04EC0-301F-11D3-BF4B-00C04F79EFBC}") = "Pr8", "Pr8\Pr8.csproj", "{8989443A-E449-49F6-8820-9F1CA73FD374}"
EndProject
Global
	GlobalSection(SolutionConfigurationPlatforms) = preSolution
		Debug|Any CPU = Debug|Any CPU
		Release|Any CPU = Release|Any CPU
	EndGlobalSection
	GlobalSection(ProjectConfigurationPlatforms) = postSolution
		{8989443A-E449-49F6-8820-9F1CA73FD374}.Debug|Any CPU.ActiveCfg = Debug|Any CPU
		{8989443A-E449-49F6-8820-9F1CA73FD374}.Debug|Any CPU.Build.0 = Debug|Any CPU
		{8989443A-E449-49F6-8820-9F1CA73FD374}.Release|Any CPU.ActiveCfg = Release|Any CPU
		{8989443A-E449-49F6-8820-9F1CA73FD374}.Release|Any CPU.Build.0 = Release|Any CPU
	EndGlobalSection
	GlobalSection(SolutionProperties) = preSolution
		HideSolutionNode = FALSE
	EndGlobalSection
	GlobalSection(ExtensibilityGlobals) = postSolution
		SolutionGuid = {BC9D3245-0A56-4BCF-BF7D-2DBF3DF571F5}
	EndGlobalSection
EndGlobal
